
Microsoft Visual Studio Solution File, Format Version 12.00
# Visual Studio Version 16
VisualStudioVersion = 16.0.31624.102
MinimumVisualStudioVersion = 10.0.40219.1
Project("{FAE04EC0-301F-11D3-BF4B-00C04F79EFBC}") = "outdrive", "outdrive\outdrive.csproj", "{5C9B2BAF-B449-4290-A90C-90D56230B9C5}"
EndProject
Global
	GlobalSection(SolutionConfigurationPlatforms) = preSolution
		Debug|Any CPU = Debug|Any CPU
		Release|Any CPU = Release|Any CPU
	EndGlobalSection
	GlobalSection(ProjectConfigurationPlatforms) = postSolution
		{5C9B2BAF-B449-4290-A90C-90D56230B9C5}.Debug|Any CPU.ActiveCfg = Debug|Any CPU
		{5C9B2BAF-B449-4290-A90C-90D56230B9C5}.Debug|Any CPU.Build.0 = Debug|Any CPU
		{5C9B2BAF-B449-4290-A90C-90D56230B9C5}.Release|Any CPU.ActiveCfg = Release|Any CPU
		{5C9B2BAF-B449-4290-A90C-90D56230B9C5}.Release|Any CPU.Build.0 = Release|Any CPU
	EndGlobalSection
	GlobalSection(SolutionProperties) = preSolution
		HideSolutionNode = FALSE
	EndGlobalSection
	GlobalSection(ExtensibilityGlobals) = postSolution
		SolutionGuid = {1794653C-A217-4319-B11F-BF11B02EEF37}
	EndGlobalSection
EndGlobal
